// !$*UTF8*$!
{
	archiveVersion = 1;
	classes = {
	};
	objectVersion = 56;
	objects = {

/* Begin PBXBuildFile section */
		4E4A75B7D8904CE70E651454 /* Pods_SampleLibApp.framework in Frameworks */ = {isa = PBXBuildFile; fileRef = 3779F7FCFE6DC35AEAF8F7EA /* Pods_SampleLibApp.framework */; };
		B6B449672C3F77AC009C1380 /* AppDelegate.swift in Sources */ = {isa = PBXBuildFile; fileRef = B6B449662C3F77AC009C1380 /* AppDelegate.swift */; };
		B6B449692C3F77AC009C1380 /* SceneDelegate.swift in Sources */ = {isa = PBXBuildFile; fileRef = B6B449682C3F77AC009C1380 /* SceneDelegate.swift */; };
		B6B4496B2C3F77AC009C1380 /* ViewController.swift in Sources */ = {isa = PBXBuildFile; fileRef = B6B4496A2C3F77AC009C1380 /* ViewController.swift */; };
		B6B449702C3F77B0009C1380 /* Assets.xcassets in Resources */ = {isa = PBXBuildFile; fileRef = B6B4496F2C3F77B0009C1380 /* Assets.xcassets */; };
		B6B449732C3F77B0009C1380 /* Base in Resources */ = {isa = PBXBuildFile; fileRef = B6B449722C3F77B0009C1380 /* Base */; };
		B6B449842C3F7CCB009C1380 /* SnapKit in Frameworks */ = {isa = PBXBuildFile; productRef = B6B449832C3F7CCB009C1380 /* SnapKit */; };
		B6B449892C3F8740009C1380 /* KingfisherViewController.swift in Sources */ = {isa = PBXBuildFile; fileRef = B6B449882C3F8740009C1380 /* KingfisherViewController.swift */; };
		B6B4498C2C3F9349009C1380 /* Lottie in Frameworks */ = {isa = PBXBuildFile; productRef = B6B4498B2C3F9349009C1380 /* Lottie */; };
		B6B4498F2C3FACEA009C1380 /* IQKeyboardManagerViewController.swift in Sources */ = {isa = PBXBuildFile; fileRef = B6B4498E2C3FACEA009C1380 /* IQKeyboardManagerViewController.swift */; };
/* End PBXBuildFile section */

/* Begin PBXFileReference section */
		01CE98ED1BF1372B67AFE4B9 /* Pods-SampleLibApp.debug.xcconfig */ = {isa = PBXFileReference; includeInIndex = 1; lastKnownFileType = text.xcconfig; name = "Pods-SampleLibApp.debug.xcconfig"; path = "Target Support Files/Pods-SampleLibApp/Pods-SampleLibApp.debug.xcconfig"; sourceTree = "<group>"; };
		3779F7FCFE6DC35AEAF8F7EA /* Pods_SampleLibApp.framework */ = {isa = PBXFileReference; explicitFileType = wrapper.framework; includeInIndex = 0; path = Pods_SampleLibApp.framework; sourceTree = BUILT_PRODUCTS_DIR; };
		B6B449632C3F77AC009C1380 /* SampleLibApp.app */ = {isa = PBXFileReference; explicitFileType = wrapper.application; includeInIndex = 0; path = SampleLibApp.app; sourceTree = BUILT_PRODUCTS_DIR; };
		B6B449662C3F77AC009C1380 /* AppDelegate.swift */ = {isa = PBXFileReference; lastKnownFileType = sourcecode.swift; path = AppDelegate.swift; sourceTree = "<group>"; };
		B6B449682C3F77AC009C1380 /* SceneDelegate.swift */ = {isa = PBXFileReference; lastKnownFileType = sourcecode.swift; path = SceneDelegate.swift; sourceTree = "<group>"; };
		B6B4496A2C3F77AC009C1380 /* ViewController.swift */ = {isa = PBXFileReference; lastKnownFileType = sourcecode.swift; path = ViewController.swift; sourceTree = "<group>"; };
		B6B4496F2C3F77B0009C1380 /* Assets.xcassets */ = {isa = PBXFileReference; lastKnownFileType = folder.assetcatalog; path = Assets.xcassets; sourceTree = "<group>"; };
		B6B449722C3F77B0009C1380 /* Base */ = {isa = PBXFileReference; lastKnownFileType = file.storyboard; name = Base; path = Base.lproj/LaunchScreen.storyboard; sourceTree = "<group>"; };
		B6B449742C3F77B0009C1380 /* Info.plist */ = {isa = PBXFileReference; lastKnownFileType = text.plist.xml; path = Info.plist; sourceTree = "<group>"; };
		B6B449882C3F8740009C1380 /* KingfisherViewController.swift */ = {isa = PBXFileReference; lastKnownFileType = sourcecode.swift; path = KingfisherViewController.swift; sourceTree = "<group>"; };
		B6B4498E2C3FACEA009C1380 /* IQKeyboardManagerViewController.swift */ = {isa = PBXFileReference; lastKnownFileType = sourcecode.swift; path = IQKeyboardManagerViewController.swift; sourceTree = "<group>"; };
		BD7360E0208CA4E4200267F5 /* Pods-SampleLibApp.release.xcconfig */ = {isa = PBXFileReference; includeInIndex = 1; lastKnownFileType = text.xcconfig; name = "Pods-SampleLibApp.release.xcconfig"; path = "Target Support Files/Pods-SampleLibApp/Pods-SampleLibApp.release.xcconfig"; sourceTree = "<group>"; };
/* End PBXFileReference section */

/* Begin PBXFrameworksBuildPhase section */
		B6B449602C3F77AC009C1380 /* Frameworks */ = {
			isa = PBXFrameworksBuildPhase;
			buildActionMask = 2147483647;
			files = (
				B6B449842C3F7CCB009C1380 /* SnapKit in Frameworks */,
				B6B4498C2C3F9349009C1380 /* Lottie in Frameworks */,
				4E4A75B7D8904CE70E651454 /* Pods_SampleLibApp.framework in Frameworks */,
			);
			runOnlyForDeploymentPostprocessing = 0;
		};
/* End PBXFrameworksBuildPhase section */

/* Begin PBXGroup section */
		252E3E94E6C26CA5B39DFC37 /* Pods */ = {
			isa = PBXGroup;
			children = (
				01CE98ED1BF1372B67AFE4B9 /* Pods-SampleLibApp.debug.xcconfig */,
				BD7360E0208CA4E4200267F5 /* Pods-SampleLibApp.release.xcconfig */,
			);
			path = Pods;
			sourceTree = "<group>";
		};
		B6B4495A2C3F77AC009C1380 = {
			isa = PBXGroup;
			children = (
				B6B449652C3F77AC009C1380 /* SampleLibApp */,
				B6B449642C3F77AC009C1380 /* Products */,
				252E3E94E6C26CA5B39DFC37 /* Pods */,
				FAA955F1DEBD3E58860E04ED /* Frameworks */,
			);
			sourceTree = "<group>";
		};
		B6B449642C3F77AC009C1380 /* Products */ = {
			isa = PBXGroup;
			children = (
				B6B449632C3F77AC009C1380 /* SampleLibApp.app */,
			);
			name = Products;
			sourceTree = "<group>";
		};
		B6B449652C3F77AC009C1380 /* SampleLibApp */ = {
			isa = PBXGroup;
			children = (
				B6B449662C3F77AC009C1380 /* AppDelegate.swift */,
				B6B449682C3F77AC009C1380 /* SceneDelegate.swift */,
				B6B4496A2C3F77AC009C1380 /* ViewController.swift */,
				B6B4496F2C3F77B0009C1380 /* Assets.xcassets */,
				B6B449712C3F77B0009C1380 /* LaunchScreen.storyboard */,
				B6B449742C3F77B0009C1380 /* Info.plist */,
				B6B449882C3F8740009C1380 /* KingfisherViewController.swift */,
				B6B4498E2C3FACEA009C1380 /* IQKeyboardManagerViewController.swift */,
			);
			path = SampleLibApp;
			sourceTree = "<group>";
		};
		FAA955F1DEBD3E58860E04ED /* Frameworks */ = {
			isa = PBXGroup;
			children = (
				3779F7FCFE6DC35AEAF8F7EA /* Pods_SampleLibApp.framework */,
			);
			name = Frameworks;
			sourceTree = "<group>";
		};
/* End PBXGroup section */

/* Begin PBXNativeTarget section */
		B6B449622C3F77AC009C1380 /* SampleLibApp */ = {
			isa = PBXNativeTarget;
			buildConfigurationList = B6B449772C3F77B0009C1380 /* Build configuration list for PBXNativeTarget "SampleLibApp" */;
			buildPhases = (
				3F584E4E63EE914CB4B0649C /* [CP] Check Pods Manifest.lock */,
				B6B4495F2C3F77AC009C1380 /* Sources */,
				B6B449602C3F77AC009C1380 /* Frameworks */,
				B6B449612C3F77AC009C1380 /* Resources */,
				9941E518DEE5E89D880C62EC /* [CP] Embed Pods Frameworks */,
			);
			buildRules = (
			);
			dependencies = (
			);
			name = SampleLibApp;
			packageProductDependencies = (
				B6B449832C3F7CCB009C1380 /* SnapKit */,
				B6B4498B2C3F9349009C1380 /* Lottie */,
			);
			productName = SampleLibApp;
			productReference = B6B449632C3F77AC009C1380 /* SampleLibApp.app */;
			productType = "com.apple.product-type.application";
		};
/* End PBXNativeTarget section */

/* Begin PBXProject section */
		B6B4495B2C3F77AC009C1380 /* Project object */ = {
			isa = PBXProject;
			attributes = {
				BuildIndependentTargetsInParallel = 1;
				LastSwiftUpdateCheck = 1540;
				LastUpgradeCheck = 1540;
				TargetAttributes = {
					B6B449622C3F77AC009C1380 = {
						CreatedOnToolsVersion = 15.4;
					};
				};
			};
			buildConfigurationList = B6B4495E2C3F77AC009C1380 /* Build configuration list for PBXProject "SampleLibApp" */;
			compatibilityVersion = "Xcode 14.0";
			developmentRegion = en;
			hasScannedForEncodings = 0;
			knownRegions = (
				en,
				Base,
			);
			mainGroup = B6B4495A2C3F77AC009C1380;
			packageReferences = (
				B6B449822C3F7CCA009C1380 /* XCRemoteSwiftPackageReference "SnapKit" */,
				B6B4498A2C3F9349009C1380 /* XCRemoteSwiftPackageReference "lottie-ios" */,
			);
			productRefGroup = B6B449642C3F77AC009C1380 /* Products */;
			projectDirPath = "";
			projectRoot = "";
			targets = (
				B6B449622C3F77AC009C1380 /* SampleLibApp */,
			);
		};
/* End PBXProject section */

/* Begin PBXResourcesBuildPhase section */
		B6B449612C3F77AC009C1380 /* Resources */ = {
			isa = PBXResourcesBuildPhase;
			buildActionMask = 2147483647;
			files = (
				B6B449702C3F77B0009C1380 /* Assets.xcassets in Resources */,
				B6B449732C3F77B0009C1380 /* Base in Resources */,
			);
			runOnlyForDeploymentPostprocessing = 0;
		};
/* End PBXResourcesBuildPhase section */

/* Begin PBXShellScriptBuildPhase section */
		3F584E4E63EE914CB4B0649C /* [CP] Check Pods Manifest.lock */ = {
			isa = PBXShellScriptBuildPhase;
			buildActionMask = 2147483647;
			files = (
			);
			inputFileListPaths = (
			);
			inputPaths = (
				"${PODS_PODFILE_DIR_PATH}/Podfile.lock",
				"${PODS_ROOT}/Manifest.lock",
			);
			name = "[CP] Check Pods Manifest.lock";
			outputFileListPaths = (
			);
			outputPaths = (
				"$(DERIVED_FILE_DIR)/Pods-SampleLibApp-checkManifestLockResult.txt",
			);
			runOnlyForDeploymentPostprocessing = 0;
			shellPath = /bin/sh;
			shellScript = "diff \"${PODS_PODFILE_DIR_PATH}/Podfile.lock\" \"${PODS_ROOT}/Manifest.lock\" > /dev/null\nif [ $? != 0 ] ; then\n    # print error to STDERR\n    echo \"error: The sandbox is not in sync with the Podfile.lock. Run 'pod install' or update your CocoaPods installation.\" >&2\n    exit 1\nfi\n# This output is used by Xcode 'outputs' to avoid re-running this script phase.\necho \"SUCCESS\" > \"${SCRIPT_OUTPUT_FILE_0}\"\n";
			showEnvVarsInLog = 0;
		};
		9941E518DEE5E89D880C62EC /* [CP] Embed Pods Frameworks */ = {
			isa = PBXShellScriptBuildPhase;
			buildActionMask = 2147483647;
			files = (
			);
			inputFileListPaths = (
				"${PODS_ROOT}/Target Support Files/Pods-SampleLibApp/Pods-SampleLibApp-frameworks-${CONFIGURATION}-input-files.xcfilelist",
			);
			name = "[CP] Embed Pods Frameworks";
			outputFileListPaths = (
				"${PODS_ROOT}/Target Support Files/Pods-SampleLibApp/Pods-SampleLibApp-frameworks-${CONFIGURATION}-output-files.xcfilelist",
			);
			runOnlyForDeploymentPostprocessing = 0;
			shellPath = /bin/sh;
			shellScript = "\"${PODS_ROOT}/Target Support Files/Pods-SampleLibApp/Pods-SampleLibApp-frameworks.sh\"\n";
			showEnvVarsInLog = 0;
		};
/* End PBXShellScriptBuildPhase section */

/* Begin PBXSourcesBuildPhase section */
		B6B4495F2C3F77AC009C1380 /* Sources */ = {
			isa = PBXSourcesBuildPhase;
			buildActionMask = 2147483647;
			files = (
				B6B4496B2C3F77AC009C1380 /* ViewController.swift in Sources */,
				B6B449672C3F77AC009C1380 /* AppDelegate.swift in Sources */,
				B6B449892C3F8740009C1380 /* KingfisherViewController.swift in Sources */,
				B6B4498F2C3FACEA009C1380 /* IQKeyboardManagerViewController.swift in Sources */,
				B6B449692C3F77AC009C1380 /* SceneDelegate.swift in Sources */,
			);
			runOnlyForDeploymentPostprocessing = 0;
		};
/* End PBXSourcesBuildPhase section */

/* Begin PBXVariantGroup section */
		B6B449712C3F77B0009C1380 /* LaunchScreen.storyboard */ = {
			isa = PBXVariantGroup;
			children = (
				B6B449722C3F77B0009C1380 /* Base */,
			);
			name = LaunchScreen.storyboard;
			sourceTree = "<group>";
		};
/* End PBXVariantGroup section */

/* Begin XCBuildConfiguration section */
		B6B449752C3F77B0009C1380 /* Debug */ = {
			isa = XCBuildConfiguration;
			buildSettings = {
				ALWAYS_SEARCH_USER_PATHS = NO;
				ASSETCATALOG_COMPILER_GENERATE_SWIFT_ASSET_SYMBOL_EXTENSIONS = YES;
				CLANG_ANALYZER_NONNULL = YES;
				CLANG_ANALYZER_NUMBER_OBJECT_CONVERSION = YES_AGGRESSIVE;
				CLANG_CXX_LANGUAGE_STANDARD = "gnu++20";
				CLANG_ENABLE_MODULES = YES;
				CLANG_ENABLE_OBJC_ARC = YES;
				CLANG_ENABLE_OBJC_WEAK = YES;
				CLANG_WARN_BLOCK_CAPTURE_AUTORELEASING = YES;
				CLANG_WARN_BOOL_CONVERSION = YES;
				CLANG_WARN_COMMA = YES;
				CLANG_WARN_CONSTANT_CONVERSION = YES;
				CLANG_WARN_DEPRECATED_OBJC_IMPLEMENTATIONS = YES;
				CLANG_WARN_DIRECT_OBJC_ISA_USAGE = YES_ERROR;
				CLANG_WARN_DOCUMENTATION_COMMENTS = YES;
				CLANG_WARN_EMPTY_BODY = YES;
				CLANG_WARN_ENUM_CONVERSION = YES;
				CLANG_WARN_INFINITE_RECURSION = YES;
				CLANG_WARN_INT_CONVERSION = YES;
				CLANG_WARN_NON_LITERAL_NULL_CONVERSION = YES;
				CLANG_WARN_OBJC_IMPLICIT_RETAIN_SELF = YES;
				CLANG_WARN_OBJC_LITERAL_CONVERSION = YES;
				CLANG_WARN_OBJC_ROOT_CLASS = YES_ERROR;
				CLANG_WARN_QUOTED_INCLUDE_IN_FRAMEWORK_HEADER = YES;
				CLANG_WARN_RANGE_LOOP_ANALYSIS = YES;
				CLANG_WARN_STRICT_PROTOTYPES = YES;
				CLANG_WARN_SUSPICIOUS_MOVE = YES;
				CLANG_WARN_UNGUARDED_AVAILABILITY = YES_AGGRESSIVE;
				CLANG_WARN_UNREACHABLE_CODE = YES;
				CLANG_WARN__DUPLICATE_METHOD_MATCH = YES;
				COPY_PHASE_STRIP = NO;
				DEBUG_INFORMATION_FORMAT = dwarf;
				ENABLE_STRICT_OBJC_MSGSEND = YES;
				ENABLE_TESTABILITY = YES;
				ENABLE_USER_SCRIPT_SANDBOXING = YES;
				GCC_C_LANGUAGE_STANDARD = gnu17;
				GCC_DYNAMIC_NO_PIC = NO;
				GCC_NO_COMMON_BLOCKS = YES;
				GCC_OPTIMIZATION_LEVEL = 0;
				GCC_PREPROCESSOR_DEFINITIONS = (
					"DEBUG=1",
					"$(inherited)",
				);
				GCC_WARN_64_TO_32_BIT_CONVERSION = YES;
				GCC_WARN_ABOUT_RETURN_TYPE = YES_ERROR;
				GCC_WARN_UNDECLARED_SELECTOR = YES;
				GCC_WARN_UNINITIALIZED_AUTOS = YES_AGGRESSIVE;
				GCC_WARN_UNUSED_FUNCTION = YES;
				GCC_WARN_UNUSED_VARIABLE = YES;
				IPHONEOS_DEPLOYMENT_TARGET = 17.5;
				LOCALIZATION_PREFERS_STRING_CATALOGS = YES;
				MTL_ENABLE_DEBUG_INFO = INCLUDE_SOURCE;
				MTL_FAST_MATH = YES;
				ONLY_ACTIVE_ARCH = YES;
				SDKROOT = iphoneos;
				SWIFT_ACTIVE_COMPILATION_CONDITIONS = "DEBUG $(inherited)";
				SWIFT_OPTIMIZATION_LEVEL = "-Onone";
			};
			name = Debug;
		};
		B6B449762C3F77B0009C1380 /* Release */ = {
			isa = XCBuildConfiguration;
			buildSettings = {
				ALWAYS_SEARCH_USER_PATHS = NO;
				ASSETCATALOG_COMPILER_GENERATE_SWIFT_ASSET_SYMBOL_EXTENSIONS = YES;
				CLANG_ANALYZER_NONNULL = YES;
				CLANG_ANALYZER_NUMBER_OBJECT_CONVERSION = YES_AGGRESSIVE;
				CLANG_CXX_LANGUAGE_STANDARD = "gnu++20";
				CLANG_ENABLE_MODULES = YES;
				CLANG_ENABLE_OBJC_ARC = YES;
				CLANG_ENABLE_OBJC_WEAK = YES;
				CLANG_WARN_BLOCK_CAPTURE_AUTORELEASING = YES;
				CLANG_WARN_BOOL_CONVERSION = YES;
				CLANG_WARN_COMMA = YES;
				CLANG_WARN_CONSTANT_CONVERSION = YES;
				CLANG_WARN_DEPRECATED_OBJC_IMPLEMENTATIONS = YES;
				CLANG_WARN_DIRECT_OBJC_ISA_USAGE = YES_ERROR;
				CLANG_WARN_DOCUMENTATION_COMMENTS = YES;
				CLANG_WARN_EMPTY_BODY = YES;
				CLANG_WARN_ENUM_CONVERSION = YES;
				CLANG_WARN_INFINITE_RECURSION = YES;
				CLANG_WARN_INT_CONVERSION = YES;
				CLANG_WARN_NON_LITERAL_NULL_CONVERSION = YES;
				CLANG_WARN_OBJC_IMPLICIT_RETAIN_SELF = YES;
				CLANG_WARN_OBJC_LITERAL_CONVERSION = YES;
				CLANG_WARN_OBJC_ROOT_CLASS = YES_ERROR;
				CLANG_WARN_QUOTED_INCLUDE_IN_FRAMEWORK_HEADER = YES;
				CLANG_WARN_RANGE_LOOP_ANALYSIS = YES;
				CLANG_WARN_STRICT_PROTOTYPES = YES;
				CLANG_WARN_SUSPICIOUS_MOVE = YES;
				CLANG_WARN_UNGUARDED_AVAILABILITY = YES_AGGRESSIVE;
				CLANG_WARN_UNREACHABLE_CODE = YES;
				CLANG_WARN__DUPLICATE_METHOD_MATCH = YES;
				COPY_PHASE_STRIP = NO;
				DEBUG_INFORMATION_FORMAT = "dwarf-with-dsym";
				ENABLE_NS_ASSERTIONS = NO;
				ENABLE_STRICT_OBJC_MSGSEND = YES;
				ENABLE_USER_SCRIPT_SANDBOXING = YES;
				GCC_C_LANGUAGE_STANDARD = gnu17;
				GCC_NO_COMMON_BLOCKS = YES;
				GCC_WARN_64_TO_32_BIT_CONVERSION = YES;
				GCC_WARN_ABOUT_RETURN_TYPE = YES_ERROR;
				GCC_WARN_UNDECLARED_SELECTOR = YES;
				GCC_WARN_UNINITIALIZED_AUTOS = YES_AGGRESSIVE;
				GCC_WARN_UNUSED_FUNCTION = YES;
				GCC_WARN_UNUSED_VARIABLE = YES;
				IPHONEOS_DEPLOYMENT_TARGET = 17.5;
				LOCALIZATION_PREFERS_STRING_CATALOGS = YES;
				MTL_ENABLE_DEBUG_INFO = NO;
				MTL_FAST_MATH = YES;
				SDKROOT = iphoneos;
				SWIFT_COMPILATION_MODE = wholemodule;
				VALIDATE_PRODUCT = YES;
			};
			name = Release;
		};
		B6B449782C3F77B0009C1380 /* Debug */ = {
			isa = XCBuildConfiguration;
			baseConfigurationReference = 01CE98ED1BF1372B67AFE4B9 /* Pods-SampleLibApp.debug.xcconfig */;
			buildSettings = {
				ASSETCATALOG_COMPILER_APPICON_NAME = AppIcon;
				ASSETCATALOG_COMPILER_GLOBAL_ACCENT_COLOR_NAME = AccentColor;
				CODE_SIGN_STYLE = Automatic;
				CURRENT_PROJECT_VERSION = 1;
				DEVELOPMENT_TEAM = 4295L2DWK5;
				GENERATE_INFOPLIST_FILE = YES;
				INFOPLIST_FILE = SampleLibApp/Info.plist;
				INFOPLIST_KEY_UIApplicationSupportsIndirectInputEvents = YES;
				INFOPLIST_KEY_UILaunchStoryboardName = LaunchScreen;
				INFOPLIST_KEY_UISupportedInterfaceOrientations_iPad = "UIInterfaceOrientationPortrait UIInterfaceOrientationPortraitUpsideDown UIInterfaceOrientationLandscapeLeft UIInterfaceOrientationLandscapeRight";
				INFOPLIST_KEY_UISupportedInterfaceOrientations_iPhone = "UIInterfaceOrientationPortrait UIInterfaceOrientationLandscapeLeft UIInterfaceOrientationLandscapeRight";
				LD_RUNPATH_SEARCH_PATHS = (
					"$(inherited)",
					"@executable_path/Frameworks",
				);
				MARKETING_VERSION = 1.0;
				PRODUCT_BUNDLE_IDENTIFIER = com.sakiyama.SampleLibApp;
				PRODUCT_NAME = "$(TARGET_NAME)";
				SWIFT_EMIT_LOC_STRINGS = YES;
				SWIFT_VERSION = 5.0;
				TARGETED_DEVICE_FAMILY = "1,2";
			};
			name = Debug;
		};
		B6B449792C3F77B0009C1380 /* Release */ = {
			isa = XCBuildConfiguration;
			baseConfigurationReference = BD7360E0208CA4E4200267F5 /* Pods-SampleLibApp.release.xcconfig */;
			buildSettings = {
				ASSETCATALOG_COMPILER_APPICON_NAME = AppIcon;
				ASSETCATALOG_COMPILER_GLOBAL_ACCENT_COLOR_NAME = AccentColor;
				CODE_SIGN_STYLE = Automatic;
				CURRENT_PROJECT_VERSION = 1;
				DEVELOPMENT_TEAM = 4295L2DWK5;
				GENERATE_INFOPLIST_FILE = YES;
				INFOPLIST_FILE = SampleLibApp/Info.plist;
				INFOPLIST_KEY_UIApplicationSupportsIndirectInputEvents = YES;
				INFOPLIST_KEY_UILaunchStoryboardName = LaunchScreen;
				INFOPLIST_KEY_UISupportedInterfaceOrientations_iPad = "UIInterfaceOrientationPortrait UIInterfaceOrientationPortraitUpsideDown UIInterfaceOrientationLandscapeLeft UIInterfaceOrientationLandscapeRight";
				INFOPLIST_KEY_UISupportedInterfaceOrientations_iPhone = "UIInterfaceOrientationPortrait UIInterfaceOrientationLandscapeLeft UIInterfaceOrientationLandscapeRight";
				LD_RUNPATH_SEARCH_PATHS = (
					"$(inherited)",
					"@executable_path/Frameworks",
				);
				MARKETING_VERSION = 1.0;
				PRODUCT_BUNDLE_IDENTIFIER = com.sakiyama.SampleLibApp;
				PRODUCT_NAME = "$(TARGET_NAME)";
				SWIFT_EMIT_LOC_STRINGS = YES;
				SWIFT_VERSION = 5.0;
				TARGETED_DEVICE_FAMILY = "1,2";
			};
			name = Release;
		};
/* End XCBuildConfiguration section */

/* Begin XCConfigurationList section */
		B6B4495E2C3F77AC009C1380 /* Build configuration list for PBXProject "SampleLibApp" */ = {
			isa = XCConfigurationList;
			buildConfigurations = (
				B6B449752C3F77B0009C1380 /* Debug */,
				B6B449762C3F77B0009C1380 /* Release */,
			);
			defaultConfigurationIsVisible = 0;
			defaultConfigurationName = Release;
		};
		B6B449772C3F77B0009C1380 /* Build configuration list for PBXNativeTarget "SampleLibApp" */ = {
			isa = XCConfigurationList;
			buildConfigurations = (
				B6B449782C3F77B0009C1380 /* Debug */,
				B6B449792C3F77B0009C1380 /* Release */,
			);
			defaultConfigurationIsVisible = 0;
			defaultConfigurationName = Release;
		};
/* End XCConfigurationList section */

/* Begin XCRemoteSwiftPackageReference section */
		B6B449822C3F7CCA009C1380 /* XCRemoteSwiftPackageReference "SnapKit" */ = {
			isa = XCRemoteSwiftPackageReference;
			repositoryURL = "https://github.com/SnapKit/SnapKit";
			requirement = {
				kind = upToNextMajorVersion;
				minimumVersion = 5.7.1;
			};
		};
		B6B4498A2C3F9349009C1380 /* XCRemoteSwiftPackageReference "lottie-ios" */ = {
			isa = XCRemoteSwiftPackageReference;
			repositoryURL = "https://github.com/airbnb/lottie-ios";
			requirement = {
				kind = upToNextMajorVersion;
				minimumVersion = 4.5.0;
			};
		};
/* End XCRemoteSwiftPackageReference section */

/* Begin XCSwiftPackageProductDependency section */
		B6B449832C3F7CCB009C1380 /* SnapKit */ = {
			isa = XCSwiftPackageProductDependency;
			package = B6B449822C3F7CCA009C1380 /* XCRemoteSwiftPackageReference "SnapKit" */;
			productName = SnapKit;
		};
		B6B4498B2C3F9349009C1380 /* Lottie */ = {
			isa = XCSwiftPackageProductDependency;
			package = B6B4498A2C3F9349009C1380 /* XCRemoteSwiftPackageReference "lottie-ios" */;
			productName = Lottie;
		};
/* End XCSwiftPackageProductDependency section */
	};
	rootObject = B6B4495B2C3F77AC009C1380 /* Project object */;
}
